github.com/kc-workspace/go-lib/caches v0.0.0-20221228065809-443af0bb5db3 h1:GDTQugyHQ/vkbrNYXajaUBKeAfuOfmMV6Jj80/6ynwg=
github.com/kc-workspace/go-lib/caches v0.0.0-20221228065809-443af0bb5db3/go.mod h1:Kqydfa/rbWBJvvRtcOJl6q6EUvfIPahkeQ5HobKIVFA=
github.com/kc-workspace/go-lib/caches v0.0.0-20230210194450-5bf432e60f3b h1:uswJXA2oeTmPDf7BaPwJrISNTCBG3COHytgptFTl4Xo=
github.com/kc-workspace/go-lib/caches v0.0.0-20230210194450-5bf432e60f3b/go.mod h1:s8uYFnNYhweIstr2OqX0A3jjsN3EEPDSwYQkFNgkrlQ=
github.com/kc-workspace/go-lib/commandline v0.0.0-20230210194450-5bf432e60f3b h1:oX7MCfCh+y7g4I8T4EDFd2NO+x703y1Ywj+0z8qI18A=
github.com/kc-workspace/go-lib/commandline v0.0.0-20230210194450-5bf432e60f3b/go.mod h1:3luvCLurxZEr/e5EqnJXwrt9JR9GV9mXSLbmPPi5X+A=
github.com/kc-workspace/go-lib/configs v0.0.0-20221228065809-443af0bb5db3 h1:of3IleKhDBW4fXahp1qthykSjpJ9k1Z+ls47uWrHFC8=
github.com/kc-workspace/go-lib/configs v0.0.0-20221228065809-443af0bb5db3/go.mod h1:BGeTBDiTnGB4lBiyYxE3L8/K7bcJQEDKsbkrn3SVSHk=
github.com/kc-workspace/go-lib/configs v0.0.0-20230210194450-5bf432e60f3b h1:wOpL9+sOrSVsHBeY8qGWiBErX+bYHp0aubPARgX1+Ek=
github.com/kc-workspace/go-lib/configs v0.0.0-20230210194450-5bf432e60f3b/go.mod h1:7gnWGtL2bWi5FDBOwguy/HxN+BVqHCWhfcYy1Wiczdo=
github.com/kc-workspace/go-lib/datatype v0.0.0-20221228065809-443af0bb5db3 h1:mxNrflOX68smN5oKHeK++z9pMKdhgezbCTSnhp/M+8w=
github.com/kc-workspace/go-lib/datatype v0.0.0-20221228065809-443af0bb5db3/go.mod h1:PMvMT66piq1HHU9lIg/149LDuohWjpU6sNQc1OJI8As=
github.com/kc-workspace/go-lib/datatype v0.0.0-20230210194450-5bf432e60f3b h1:XBr7qlOiJ5R9VapLGv+1LjtmPNzDEIR5xsI6M+pm4gk=
github.com/kc-workspace/go-lib/datatype v0.0.0-20230210194450-5bf432e60f3b/go.mod h1:ibMO/MXHebGkLRAUYaYDgCeo5VeCiVIlE/kaWnd8nFg=
github.com/kc-workspace/go-lib/dotenv v0.0.0-20221228065809-443af0bb5db3 h1:2gXBQ1zG+lJMw5g+b47zK1F8KhoDSBZBw4I4U7m+Flg=
github.com/kc-workspace/go-lib/dotenv v0.0.0-20221228065809-443af0bb5db3/go.mod h1:Ij6MUZki9kTOOxBoRTxNB8Vei0qXfl3FqOgumci6iPc=
github.com/kc-workspace/go-lib/dotenv v0.0.0-20230210194450-5bf432e60f3b h1:/TF1T511YT5zFpRaLmwti24RnGg5Bje00SQhUCo5TSA=
github.com/kc-workspace/go-lib/dotenv v0.0.0-20230210194450-5bf432e60f3b/go.mod h1:sLyHVWfaWyUtR0bCNkpXy1GnprQ/E/reqtBA78rSSQI=
github.com/kc-workspace/go-lib/fs v0.0.0-20221228065809-443af0bb5db3 h1:Kl32T8bYv01jdxy87eGPbpKzXReS38Twxt9uhkUhjG0=
github.com/kc-workspace/go-lib/fs v0.0.0-20221228065809-443af0bb5db3/go.mod h1:oSZCafGquWGddZwyOitOaIzLHTcGTUXBNBitLinu7NE=
github.com/kc-workspace/go-lib/fs v0.0.0-20230210194450-5bf432e60f3b h1:aIn00RIZ7qd6mgYycEEzMh20Avug5Z9/XJLYpbpjGIw=
github.com/kc-workspace/go-lib/fs v0.0.0-20230210194450-5bf432e60f3b/go.mod h1:Kbf9Hi/Ny3DL8uTnay9AtHaAr8K9tASixla8AGRGjfk=
github.com/kc-workspace/go-lib/logger v0.0.0-20230210194450-5bf432e60f3b h1:Bn9SqBccHnyI+RnHyYdeBtRlB0VcgTHbZZhPhgXz37E=
github.com/kc-workspace/go-lib/logger v0.0.0-20230210194450-5bf432e60f3b/go.mod h1:mS6RQnlV+YJsZOzhbtDAQNjJP4hINOVKjpAmx5QlwhY=
github.com/kc-workspace/go-lib/mapper v0.0.0-20221228065809-443af0bb5db3 h1:uTf+Tr/3ztNLWkN2GvxXiFlHT7M/eDTSK6H5lkOkQ74=
github.com/kc-workspace/go-lib/mapper v0.0.0-20221228065809-443af0bb5db3/go.mod h1:nRXqZ0uVcC44IgnqODW/sd2TQgj9+nN4685dFMsWPyg=
github.com/kc-workspace/go-lib/mapper v0.0.0-20230210194450-5bf432e60f3b h1:SycpXnwWdsdgPw8aiEoE4aoAJHzcN/WnhujXFzu8yM0=
github.com/kc-workspace/go-lib/mapper v0.0.0-20230210194450-5bf432e60f3b/go.mod h1:R+7sx3VXo23SQYHhgSV3oDkhMDmBKTGV3qNT0ojdzIA=
github.com/kc-workspace/go-lib/random v0.0.0-20221228065809-443af0bb5db3 h1:uZ82V21X42iuKJIe3DslcJyf3+pruqCQUktmwOTV4w4=
github.com/kc-workspace/go-lib/random v0.0.0-20221228065809-443af0bb5db3/go.mod h1:XSfNqOup+1LvTjfSau9XFa/tNSxg6BsKPPqUIEgRlgM=
github.com/kc-workspace/go-lib/random v0.0.0-20230210194450-5bf432e60f3b h1:WcnWtBrIfoKfPvR4rh8ZAYy8fvyvrjMPqswA7yj4vcI=
github.com/kc-workspace/go-lib/random v0.0.0-20230210194450-5bf432e60f3b/go.mod h1:XSfNqOup+1LvTjfSau9XFa/tNSxg6BsKPPqUIEgRlgM=
github.com/kc-workspace/go-lib/utils v0.0.0-20221228065809-443af0bb5db3 h1:0IWVowomdzYqhIspyKIPKImeN0SsIUDkkIjU0G/FtPY=
github.com/kc-workspace/go-lib/utils v0.0.0-20221228065809-443af0bb5db3/go.mod h1:iXY3vP+ogzW12/0+TV8li8twAaBJYSp+c+6YIeqH0o0=
github.com/kc-workspace/go-lib/utils v0.0.0-20230210194450-5bf432e60f3b h1:Akjx9hY39VYctSspEFfWKlYo2avCh5aoMFji20XJf8o=
github.com/kc-workspace/go-lib/utils v0.0.0-20230210194450-5bf432e60f3b/go.mod h1:yiaWvxU5wBAOa/BU1RZE6Uw3CEDSa7I6KkdS2z1K7zg=
github.com/kc-workspace/go-lib/xerrors v0.0.0-20221228065809-443af0bb5db3 h1:Zz8AUBon4p6RV45PR/gttW2Y1W8Bj+0m6d1v29Kxn/s=
github.com/kc-workspace/go-lib/xerrors v0.0.0-20221228065809-443af0bb5db3/go.mod h1:8rmIh/4leNghOnnG8ehvFA16aeHIpuJ8TPkFXL1tAlw=
github.com/kc-workspace/go-lib/xerrors v0.0.0-20230210194450-5bf432e60f3b h1:fjoMI7l4j95l+9XQboCisM/KFZZ/dGoUCv+UvJoMcC4=
github.com/kc-workspace/go-lib/xerrors v0.0.0-20230210194450-5bf432e60f3b/go.mod h1:5Jh9uS97uBTlMsPUjR2VQe0Vznxc+uP/fUDdNzjTdoo=
github.com/kc-workspace/go-lib/xtemplates v0.0.0-20221228065809-443af0bb5db3 h1:iZdpOjH+BsK0F8+UsMcc1SzcICymWbXtLdcqQxC6sS4=
github.com/kc-workspace/go-lib/xtemplates v0.0.0-20221228065809-443af0bb5db3/go.mod h1:x5GkxYCbnSCJ+gyiPQsVZ3kbSPsG5QkM9tFu7+G2Yoc=
github.com/kc-workspace/go-lib/xtemplates v0.0.0-20230210194450-5bf432e60f3b h1:GcafsCpFp7Pk9vW3gwyUiocqcI8X/8QevcyW1iEHxcI=
github.com/kc-workspace/go-lib/xtemplates v0.0.0-20230210194450-5bf432e60f3b/go.mod h1:09ql67D11Q4HCTQh0DQvFtUYNPHm+hc79X1ci1bkc+s=
github.com/kc-workspace/go-lib/xtests v0.0.0-20221228065809-443af0bb5db3 h1:uB3Dx76QMIiV+nO77FRo6hRh/jrRCm5ugDYG3WhSrEY=
gopkg.in/check.v1 v0.0.0-20161208181325-20d25e280405/go.mod h1:Co6ibVJAznAaIkqp8huTwlJQCZ016jof/cbN4VW5Yz0=
gopkg.in/yaml.v3 v3.0.1 h1:fxVm/GzAzEWqLHuvctI91KS9hhNmmWOoWu0XTYJS7CA=
gopkg.in/yaml.v3 v3.0.1/go.mod h1:K4uyk7z7BCEPqu6E+C64Yfv1cQ7kz7rIZviUmN+EgEM=
