github.com/kc-workspace/go-lib/datatype v0.0.0-20230210194450-5bf432e60f3b h1:XBr7qlOiJ5R9VapLGv+1LjtmPNzDEIR5xsI6M+pm4gk=
github.com/kc-workspace/go-lib/datatype v0.0.0-20230210194450-5bf432e60f3b/go.mod h1:ibMO/MXHebGkLRAUYaYDgCeo5VeCiVIlE/kaWnd8nFg=
github.com/kc-workspace/go-lib/logger v0.0.0-20230210194450-5bf432e60f3b h1:Bn9SqBccHnyI+RnHyYdeBtRlB0VcgTHbZZhPhgXz37E=
github.com/kc-workspace/go-lib/logger v0.0.0-20230210194450-5bf432e60f3b/go.mod h1:mS6RQnlV+YJsZOzhbtDAQNjJP4hINOVKjpAmx5QlwhY=
github.com/kc-workspace/go-lib/mapper v0.0.0-20230210194450-5bf432e60f3b h1:SycpXnwWdsdgPw8aiEoE4aoAJHzcN/WnhujXFzu8yM0=
github.com/kc-workspace/go-lib/mapper v0.0.0-20230210194450-5bf432e60f3b/go.mod h1:R+7sx3VXo23SQYHhgSV3oDkhMDmBKTGV3qNT0ojdzIA=
github.com/kc-workspace/go-lib/random v0.0.0-20230210194450-5bf432e60f3b h1:WcnWtBrIfoKfPvR4rh8ZAYy8fvyvrjMPqswA7yj4vcI=
github.com/kc-workspace/go-lib/random v0.0.0-20230210194450-5bf432e60f3b/go.mod h1:XSfNqOup+1LvTjfSau9XFa/tNSxg6BsKPPqUIEgRlgM=
github.com/kc-workspace/go-lib/utils v0.0.0-20230210194450-5bf432e60f3b h1:Akjx9hY39VYctSspEFfWKlYo2avCh5aoMFji20XJf8o=
github.com/kc-workspace/go-lib/utils v0.0.0-20230210194450-5bf432e60f3b/go.mod h1:yiaWvxU5wBAOa/BU1RZE6Uw3CEDSa7I6KkdS2z1K7zg=
github.com/kc-workspace/go-lib/xtemplates v0.0.0-20230210194450-5bf432e60f3b h1:GcafsCpFp7Pk9vW3gwyUiocqcI8X/8QevcyW1iEHxcI=
github.com/kc-workspace/go-lib/xtemplates v0.0.0-20230210194450-5bf432e60f3b/go.mod h1:09ql67D11Q4HCTQh0DQvFtUYNPHm+hc79X1ci1bkc+s=
github.com/kc-workspace/go-lib/xtests v0.0.0-20230210194450-5bf432e60f3b h1:Ul0kpQaXvnE5NP4gfdhKxWDHJMWGqH4zubxHF4odIX8=
github.com/kc-workspace/go-lib/xtests v0.0.0-20230210194450-5bf432e60f3b/go.mod h1:f1EhjwOSwtjRe5gD9ElcfdQB4J3f4166qehCHE/Q32U=
gopkg.in/check.v1 v0.0.0-20161208181325-20d25e280405 h1:yhCVgyC4o1eVCa2tZl7eS0r+SDo693bJlVdllGtEeKM=
gopkg.in/check.v1 v0.0.0-20161208181325-20d25e280405/go.mod h1:Co6ibVJAznAaIkqp8huTwlJQCZ016jof/cbN4VW5Yz0=
gopkg.in/yaml.v3 v3.0.1 h1:fxVm/GzAzEWqLHuvctI91KS9hhNmmWOoWu0XTYJS7CA=
gopkg.in/yaml.v3 v3.0.1/go.mod h1:K4uyk7z7BCEPqu6E+C64Yfv1cQ7kz7rIZviUmN+EgEM=
