github.com/kc-workspace/go-lib/datatype v0.0.0-20221228065809-443af0bb5db3 h1:mxNrflOX68smN5oKHeK++z9pMKdhgezbCTSnhp/M+8w=
github.com/kc-workspace/go-lib/datatype v0.0.0-20221228065809-443af0bb5db3/go.mod h1:PMvMT66piq1HHU9lIg/149LDuohWjpU6sNQc1OJI8As=
github.com/kc-workspace/go-lib/fs v0.0.0-20221228065809-443af0bb5db3 h1:Kl32T8bYv01jdxy87eGPbpKzXReS38Twxt9uhkUhjG0=
github.com/kc-workspace/go-lib/fs v0.0.0-20221228065809-443af0bb5db3/go.mod h1:oSZCafGquWGddZwyOitOaIzLHTcGTUXBNBitLinu7NE=
github.com/kc-workspace/go-lib/logger v0.0.0-20221228065809-443af0bb5db3 h1:bqVNL9O5kQbiExdmkF9uELQoEueqsi+t0Ge7+2/r+NM=
github.com/kc-workspace/go-lib/logger v0.0.0-20221228065809-443af0bb5db3/go.mod h1:gHBjMQIgUgYeEvRoJGx7cy11UkHwf2YcIZNBFTOKrCs=
github.com/kc-workspace/go-lib/random v0.0.0-20221228065809-443af0bb5db3 h1:uZ82V21X42iuKJIe3DslcJyf3+pruqCQUktmwOTV4w4=
github.com/kc-workspace/go-lib/random v0.0.0-20221228065809-443af0bb5db3/go.mod h1:XSfNqOup+1LvTjfSau9XFa/tNSxg6BsKPPqUIEgRlgM=
github.com/kc-workspace/go-lib/utils v0.0.0-20221228065809-443af0bb5db3 h1:0IWVowomdzYqhIspyKIPKImeN0SsIUDkkIjU0G/FtPY=
github.com/kc-workspace/go-lib/utils v0.0.0-20221228065809-443af0bb5db3/go.mod h1:iXY3vP+ogzW12/0+TV8li8twAaBJYSp+c+6YIeqH0o0=
github.com/kc-workspace/go-lib/xtemplates v0.0.0-20221228065809-443af0bb5db3 h1:iZdpOjH+BsK0F8+UsMcc1SzcICymWbXtLdcqQxC6sS4=
github.com/kc-workspace/go-lib/xtemplates v0.0.0-20221228065809-443af0bb5db3/go.mod h1:x5GkxYCbnSCJ+gyiPQsVZ3kbSPsG5QkM9tFu7+G2Yoc=
github.com/kc-workspace/go-lib/xtests v0.0.0-20221228065809-443af0bb5db3 h1:uB3Dx76QMIiV+nO77FRo6hRh/jrRCm5ugDYG3WhSrEY=
github.com/kc-workspace/go-lib/xtests v0.0.0-20221228065809-443af0bb5db3/go.mod h1:VXmHGWIUVb0+KpgrGOznPo4UpS6xDQAbBXF9I/Rq7UY=
